
Microsoft Visual Studio Solution File, Format Version 12.00
# Visual Studio Version 16
VisualStudioVersion = 16.0.32413.511
MinimumVisualStudioVersion = 10.0.40219.1
Project("{888888A0-9F3D-457C-B088-3A5042F75D52}") = "Siida", "Siida.pyproj", "{03657E01-DE4F-43FC-97CF-83D89D76F4F1}"
EndProject
Global
	GlobalSection(SolutionConfigurationPlatforms) = preSolution
		Debug|Any CPU = Debug|Any CPU
		Release|Any CPU = Release|Any CPU
	EndGlobalSection
	GlobalSection(ProjectConfigurationPlatforms) = postSolution
		{03657E01-DE4F-43FC-97CF-83D89D76F4F1}.Debug|Any CPU.ActiveCfg = Debug|Any CPU
		{03657E01-DE4F-43FC-97CF-83D89D76F4F1}.Release|Any CPU.ActiveCfg = Release|Any CPU
	EndGlobalSection
	GlobalSection(SolutionProperties) = preSolution
		HideSolutionNode = FALSE
	EndGlobalSection
	GlobalSection(ExtensibilityGlobals) = postSolution
		SolutionGuid = {DA2EF006-BA53-4600-9FAA-EDD2257EF0CD}
	EndGlobalSection
EndGlobal
